
Microsoft Visual Studio Solution File, Format Version 12.00
# Visual Studio 14
VisualStudioVersion = 14.0.25420.1
MinimumVisualStudioVersion = 10.0.40219.1
Project("{F2A71F9B-5D33-465A-A702-920D77279786}") = "skalarprodukt", "skalarprodukt\skalarprodukt.fsproj", "{80A390FF-437E-4E84-9946-A69C06557E75}"
EndProject
Project("{F2A71F9B-5D33-465A-A702-920D77279786}") = "skalarprodukt.Providers", "skalarprodukt.Providers\skalarprodukt.Providers.fsproj", "{01F6BCD4-B4DA-4F07-B581-E193D1A165F1}"
EndProject
Project("{F2A71F9B-5D33-465A-A702-920D77279786}") = "skalarprodukt.Benchmark", "skalarprodukt.Benchmark\skalarprodukt.Benchmark.fsproj", "{0853B0D2-943C-4336-A02E-89F09D420849}"
EndProject
Global
	GlobalSection(SolutionConfigurationPlatforms) = preSolution
		Debug|Any CPU = Debug|Any CPU
		Release|Any CPU = Release|Any CPU
	EndGlobalSection
	GlobalSection(ProjectConfigurationPlatforms) = postSolution
		{80A390FF-437E-4E84-9946-A69C06557E75}.Debug|Any CPU.ActiveCfg = Debug|Any CPU
		{80A390FF-437E-4E84-9946-A69C06557E75}.Debug|Any CPU.Build.0 = Debug|Any CPU
		{80A390FF-437E-4E84-9946-A69C06557E75}.Release|Any CPU.ActiveCfg = Release|Any CPU
		{80A390FF-437E-4E84-9946-A69C06557E75}.Release|Any CPU.Build.0 = Release|Any CPU
		{01F6BCD4-B4DA-4F07-B581-E193D1A165F1}.Debug|Any CPU.ActiveCfg = Debug|Any CPU
		{01F6BCD4-B4DA-4F07-B581-E193D1A165F1}.Debug|Any CPU.Build.0 = Debug|Any CPU
		{01F6BCD4-B4DA-4F07-B581-E193D1A165F1}.Release|Any CPU.ActiveCfg = Release|Any CPU
		{01F6BCD4-B4DA-4F07-B581-E193D1A165F1}.Release|Any CPU.Build.0 = Release|Any CPU
		{0853B0D2-943C-4336-A02E-89F09D420849}.Debug|Any CPU.ActiveCfg = Debug|Any CPU
		{0853B0D2-943C-4336-A02E-89F09D420849}.Debug|Any CPU.Build.0 = Debug|Any CPU
		{0853B0D2-943C-4336-A02E-89F09D420849}.Release|Any CPU.ActiveCfg = Release|Any CPU
		{0853B0D2-943C-4336-A02E-89F09D420849}.Release|Any CPU.Build.0 = Release|Any CPU
	EndGlobalSection
	GlobalSection(SolutionProperties) = preSolution
		HideSolutionNode = FALSE
	EndGlobalSection
EndGlobal
